
Microsoft Visual Studio Solution File, Format Version 12.00
# Visual Studio Version 17
VisualStudioVersion = 17.2.32516.85
MinimumVisualStudioVersion = 10.0.40219.1
Project("{FAE04EC0-301F-11D3-BF4B-00C04F79EFBC}") = "MvcCountries", "MvcCountries\MvcCountries.csproj", "{6E66FD34-B2A8-464A-91B1-21DC274B5FD6}"
EndProject
Global
	GlobalSection(SolutionConfigurationPlatforms) = preSolution
		Debug|Any CPU = Debug|Any CPU
		Release|Any CPU = Release|Any CPU
	EndGlobalSection
	GlobalSection(ProjectConfigurationPlatforms) = postSolution
		{6E66FD34-B2A8-464A-91B1-21DC274B5FD6}.Debug|Any CPU.ActiveCfg = Debug|Any CPU
		{6E66FD34-B2A8-464A-91B1-21DC274B5FD6}.Debug|Any CPU.Build.0 = Debug|Any CPU
		{6E66FD34-B2A8-464A-91B1-21DC274B5FD6}.Release|Any CPU.ActiveCfg = Release|Any CPU
		{6E66FD34-B2A8-464A-91B1-21DC274B5FD6}.Release|Any CPU.Build.0 = Release|Any CPU
	EndGlobalSection
	GlobalSection(SolutionProperties) = preSolution
		HideSolutionNode = FALSE
	EndGlobalSection
	GlobalSection(ExtensibilityGlobals) = postSolution
		SolutionGuid = {62781768-E1CC-42F7-BDAA-E342FB078D6D}
	EndGlobalSection
EndGlobal
